
Microsoft Visual Studio Solution File, Format Version 12.00
# Visual Studio 15
VisualStudioVersion = 15.0.27428.2005
MinimumVisualStudioVersion = 10.0.40219.1
Project("{9A19103F-16F7-4668-BE54-9A1E7A4F7556}") = "GridDemo", "GridDemo\GridDemo.csproj", "{E1229585-6379-4FF9-9EBA-F830168EED6A}"
EndProject
Project("{FAE04EC0-301F-11D3-BF4B-00C04F79EFBC}") = "GridDemo.Android", "GridDemo.Android\GridDemo.Android.csproj", "{B9F7DB0B-5368-4042-8302-951B5A9DFB98}"
EndProject
Project("{FAE04EC0-301F-11D3-BF4B-00C04F79EFBC}") = "GridDemo.iOS", "GridDemo.iOS\GridDemo.iOS.csproj", "{39040F07-A8C8-498F-A5C0-77BE4FD57E87}"
EndProject
Global
	GlobalSection(SolutionConfigurationPlatforms) = preSolution
		Debug|Any CPU = Debug|Any CPU
		Debug|iPhone = Debug|iPhone
		Debug|iPhoneSimulator = Debug|iPhoneSimulator
		Release|Any CPU = Release|Any CPU
		Release|iPhone = Release|iPhone
		Release|iPhoneSimulator = Release|iPhoneSimulator
	EndGlobalSection
	GlobalSection(ProjectConfigurationPlatforms) = postSolution
		{E1229585-6379-4FF9-9EBA-F830168EED6A}.Debug|Any CPU.ActiveCfg = Debug|Any CPU
		{E1229585-6379-4FF9-9EBA-F830168EED6A}.Debug|Any CPU.Build.0 = Debug|Any CPU
		{E1229585-6379-4FF9-9EBA-F830168EED6A}.Debug|iPhone.ActiveCfg = Debug|Any CPU
		{E1229585-6379-4FF9-9EBA-F830168EED6A}.Debug|iPhone.Build.0 = Debug|Any CPU
		{E1229585-6379-4FF9-9EBA-F830168EED6A}.Debug|iPhoneSimulator.ActiveCfg = Debug|Any CPU
		{E1229585-6379-4FF9-9EBA-F830168EED6A}.Debug|iPhoneSimulator.Build.0 = Debug|Any CPU
		{E1229585-6379-4FF9-9EBA-F830168EED6A}.Release|Any CPU.ActiveCfg = Release|Any CPU
		{E1229585-6379-4FF9-9EBA-F830168EED6A}.Release|Any CPU.Build.0 = Release|Any CPU
		{E1229585-6379-4FF9-9EBA-F830168EED6A}.Release|iPhone.ActiveCfg = Release|Any CPU
		{E1229585-6379-4FF9-9EBA-F830168EED6A}.Release|iPhone.Build.0 = Release|Any CPU
		{E1229585-6379-4FF9-9EBA-F830168EED6A}.Release|iPhoneSimulator.ActiveCfg = Release|Any CPU
		{E1229585-6379-4FF9-9EBA-F830168EED6A}.Release|iPhoneSimulator.Build.0 = Release|Any CPU
		{B9F7DB0B-5368-4042-8302-951B5A9DFB98}.Debug|Any CPU.ActiveCfg = Debug|Any CPU
		{B9F7DB0B-5368-4042-8302-951B5A9DFB98}.Debug|Any CPU.Build.0 = Debug|Any CPU
		{B9F7DB0B-5368-4042-8302-951B5A9DFB98}.Debug|Any CPU.Deploy.0 = Debug|Any CPU
		{B9F7DB0B-5368-4042-8302-951B5A9DFB98}.Debug|iPhone.ActiveCfg = Debug|Any CPU
		{B9F7DB0B-5368-4042-8302-951B5A9DFB98}.Debug|iPhone.Build.0 = Debug|Any CPU
		{B9F7DB0B-5368-4042-8302-951B5A9DFB98}.Debug|iPhone.Deploy.0 = Debug|Any CPU
		{B9F7DB0B-5368-4042-8302-951B5A9DFB98}.Debug|iPhoneSimulator.ActiveCfg = Debug|Any CPU
		{B9F7DB0B-5368-4042-8302-951B5A9DFB98}.Debug|iPhoneSimulator.Build.0 = Debug|Any CPU
		{B9F7DB0B-5368-4042-8302-951B5A9DFB98}.Debug|iPhoneSimulator.Deploy.0 = Debug|Any CPU
		{B9F7DB0B-5368-4042-8302-951B5A9DFB98}.Release|Any CPU.ActiveCfg = Release|Any CPU
		{B9F7DB0B-5368-4042-8302-951B5A9DFB98}.Release|Any CPU.Build.0 = Release|Any CPU
		{B9F7DB0B-5368-4042-8302-951B5A9DFB98}.Release|Any CPU.Deploy.0 = Release|Any CPU
		{B9F7DB0B-5368-4042-8302-951B5A9DFB98}.Release|iPhone.ActiveCfg = Release|Any CPU
		{B9F7DB0B-5368-4042-8302-951B5A9DFB98}.Release|iPhone.Build.0 = Release|Any CPU
		{B9F7DB0B-5368-4042-8302-951B5A9DFB98}.Release|iPhone.Deploy.0 = Release|Any CPU
		{B9F7DB0B-5368-4042-8302-951B5A9DFB98}.Release|iPhoneSimulator.ActiveCfg = Release|Any CPU
		{B9F7DB0B-5368-4042-8302-951B5A9DFB98}.Release|iPhoneSimulator.Build.0 = Release|Any CPU
		{B9F7DB0B-5368-4042-8302-951B5A9DFB98}.Release|iPhoneSimulator.Deploy.0 = Release|Any CPU
		{39040F07-A8C8-498F-A5C0-77BE4FD57E87}.Debug|Any CPU.ActiveCfg = Debug|iPhone
		{39040F07-A8C8-498F-A5C0-77BE4FD57E87}.Debug|iPhone.ActiveCfg = Debug|iPhone
		{39040F07-A8C8-498F-A5C0-77BE4FD57E87}.Debug|iPhone.Build.0 = Debug|iPhone
		{39040F07-A8C8-498F-A5C0-77BE4FD57E87}.Debug|iPhoneSimulator.ActiveCfg = Debug|iPhoneSimulator
		{39040F07-A8C8-498F-A5C0-77BE4FD57E87}.Debug|iPhoneSimulator.Build.0 = Debug|iPhoneSimulator
		{39040F07-A8C8-498F-A5C0-77BE4FD57E87}.Release|Any CPU.ActiveCfg = Release|iPhone
		{39040F07-A8C8-498F-A5C0-77BE4FD57E87}.Release|iPhone.ActiveCfg = Release|iPhone
		{39040F07-A8C8-498F-A5C0-77BE4FD57E87}.Release|iPhone.Build.0 = Release|iPhone
		{39040F07-A8C8-498F-A5C0-77BE4FD57E87}.Release|iPhoneSimulator.ActiveCfg = Release|iPhoneSimulator
		{39040F07-A8C8-498F-A5C0-77BE4FD57E87}.Release|iPhoneSimulator.Build.0 = Release|iPhoneSimulator
	EndGlobalSection
	GlobalSection(SolutionProperties) = preSolution
		HideSolutionNode = FALSE
	EndGlobalSection
	GlobalSection(ExtensibilityGlobals) = postSolution
		SolutionGuid = {380F3D3F-13C0-4DAE-925D-6618B11BF495}
	EndGlobalSection
EndGlobal
